// !$*UTF8*$!
{
	archiveVersion = 1;
	classes = {
	};
	objectVersion = 50;
	objects = {

/* Begin PBXBuildFile section */
		60CACA5567092BB94C64B8C7 /* libPods-XYJ.a in Frameworks */ = {isa = PBXBuildFile; fileRef = 565EAC0D8CD58FD229A71C34 /* libPods-XYJ.a */; };
		CE21EDCA2248BE1E00D91F89 /* AppDelegate.m in Sources */ = {isa = PBXBuildFile; fileRef = CE21EDC92248BE1E00D91F89 /* AppDelegate.m */; };
		CE21EDCD2248BE1E00D91F89 /* ViewController.m in Sources */ = {isa = PBXBuildFile; fileRef = CE21EDCC2248BE1E00D91F89 /* ViewController.m */; };
		CE21EDD02248BE1E00D91F89 /* Main.storyboard in Resources */ = {isa = PBXBuildFile; fileRef = CE21EDCE2248BE1E00D91F89 /* Main.storyboard */; };
		CE21EDD22248BE1F00D91F89 /* Assets.xcassets in Resources */ = {isa = PBXBuildFile; fileRef = CE21EDD12248BE1F00D91F89 /* Assets.xcassets */; };
		CE21EDD52248BE1F00D91F89 /* LaunchScreen.storyboard in Resources */ = {isa = PBXBuildFile; fileRef = CE21EDD32248BE1F00D91F89 /* LaunchScreen.storyboard */; };
		CE21EDD82248BE1F00D91F89 /* main.m in Sources */ = {isa = PBXBuildFile; fileRef = CE21EDD72248BE1F00D91F89 /* main.m */; };
		CE21EDE22248BE1F00D91F89 /* XYJTests.m in Sources */ = {isa = PBXBuildFile; fileRef = CE21EDE12248BE1F00D91F89 /* XYJTests.m */; };
		CE21EDED2248BE1F00D91F89 /* XYJUITests.m in Sources */ = {isa = PBXBuildFile; fileRef = CE21EDEC2248BE1F00D91F89 /* XYJUITests.m */; };
		CE21EDFC2248C84200D91F89 /* SigninViewController.m in Sources */ = {isa = PBXBuildFile; fileRef = CE21EDFB2248C84200D91F89 /* SigninViewController.m */; };
		CE21EDFE2248D28500D91F89 /* Main.xib in Resources */ = {isa = PBXBuildFile; fileRef = CE21EDFD2248D28500D91F89 /* Main.xib */; };
		CE21EE2E2249DE5300D91F89 /* underLine.m in Sources */ = {isa = PBXBuildFile; fileRef = CE21EE2D2249DE5300D91F89 /* underLine.m */; };
/* End PBXBuildFile section */

/* Begin PBXContainerItemProxy section */
		CE21EDDE2248BE1F00D91F89 /* PBXContainerItemProxy */ = {
			isa = PBXContainerItemProxy;
			containerPortal = CE21EDBD2248BE1E00D91F89 /* Project object */;
			proxyType = 1;
			remoteGlobalIDString = CE21EDC42248BE1E00D91F89;
			remoteInfo = XYJ;
		};
		CE21EDE92248BE1F00D91F89 /* PBXContainerItemProxy */ = {
			isa = PBXContainerItemProxy;
			containerPortal = CE21EDBD2248BE1E00D91F89 /* Project object */;
			proxyType = 1;
			remoteGlobalIDString = CE21EDC42248BE1E00D91F89;
			remoteInfo = XYJ;
		};
/* End PBXContainerItemProxy section */

/* Begin PBXFileReference section */
		565EAC0D8CD58FD229A71C34 /* libPods-XYJ.a */ = {isa = PBXFileReference; explicitFileType = archive.ar; includeInIndex = 0; path = "libPods-XYJ.a"; sourceTree = BUILT_PRODUCTS_DIR; };
		A0E5240DE9AA2E3D1AAC96C4 /* Pods-XYJ.release.xcconfig */ = {isa = PBXFileReference; includeInIndex = 1; lastKnownFileType = text.xcconfig; name = "Pods-XYJ.release.xcconfig"; path = "Target Support Files/Pods-XYJ/Pods-XYJ.release.xcconfig"; sourceTree = "<group>"; };
		CE21EDC52248BE1E00D91F89 /* XYJ.app */ = {isa = PBXFileReference; explicitFileType = wrapper.application; includeInIndex = 0; path = XYJ.app; sourceTree = BUILT_PRODUCTS_DIR; };
		CE21EDC82248BE1E00D91F89 /* AppDelegate.h */ = {isa = PBXFileReference; lastKnownFileType = sourcecode.c.h; path = AppDelegate.h; sourceTree = "<group>"; };
		CE21EDC92248BE1E00D91F89 /* AppDelegate.m */ = {isa = PBXFileReference; lastKnownFileType = sourcecode.c.objc; path = AppDelegate.m; sourceTree = "<group>"; };
		CE21EDCB2248BE1E00D91F89 /* ViewController.h */ = {isa = PBXFileReference; lastKnownFileType = sourcecode.c.h; path = ViewController.h; sourceTree = "<group>"; };
		CE21EDCC2248BE1E00D91F89 /* ViewController.m */ = {isa = PBXFileReference; lastKnownFileType = sourcecode.c.objc; path = ViewController.m; sourceTree = "<group>"; };
		CE21EDCF2248BE1E00D91F89 /* Base */ = {isa = PBXFileReference; lastKnownFileType = file.storyboard; name = Base; path = Base.lproj/Main.storyboard; sourceTree = "<group>"; };
		CE21EDD12248BE1F00D91F89 /* Assets.xcassets */ = {isa = PBXFileReference; lastKnownFileType = folder.assetcatalog; path = Assets.xcassets; sourceTree = "<group>"; };
		CE21EDD42248BE1F00D91F89 /* Base */ = {isa = PBXFileReference; lastKnownFileType = file.storyboard; name = Base; path = Base.lproj/LaunchScreen.storyboard; sourceTree = "<group>"; };
		CE21EDD62248BE1F00D91F89 /* Info.plist */ = {isa = PBXFileReference; lastKnownFileType = text.plist.xml; path = Info.plist; sourceTree = "<group>"; };
		CE21EDD72248BE1F00D91F89 /* main.m */ = {isa = PBXFileReference; lastKnownFileType = sourcecode.c.objc; path = main.m; sourceTree = "<group>"; };
		CE21EDDD2248BE1F00D91F89 /* XYJTests.xctest */ = {isa = PBXFileReference; explicitFileType = wrapper.cfbundle; includeInIndex = 0; path = XYJTests.xctest; sourceTree = BUILT_PRODUCTS_DIR; };
		CE21EDE12248BE1F00D91F89 /* XYJTests.m */ = {isa = PBXFileReference; lastKnownFileType = sourcecode.c.objc; path = XYJTests.m; sourceTree = "<group>"; };
		CE21EDE32248BE1F00D91F89 /* Info.plist */ = {isa = PBXFileReference; lastKnownFileType = text.plist.xml; path = Info.plist; sourceTree = "<group>"; };
		CE21EDE82248BE1F00D91F89 /* XYJUITests.xctest */ = {isa = PBXFileReference; explicitFileType = wrapper.cfbundle; includeInIndex = 0; path = XYJUITests.xctest; sourceTree = BUILT_PRODUCTS_DIR; };
		CE21EDEC2248BE1F00D91F89 /* XYJUITests.m */ = {isa = PBXFileReference; lastKnownFileType = sourcecode.c.objc; path = XYJUITests.m; sourceTree = "<group>"; };
		CE21EDEE2248BE1F00D91F89 /* Info.plist */ = {isa = PBXFileReference; lastKnownFileType = text.plist.xml; path = Info.plist; sourceTree = "<group>"; };
		CE21EDFA2248C84200D91F89 /* SigninViewController.h */ = {isa = PBXFileReference; lastKnownFileType = sourcecode.c.h; path = SigninViewController.h; sourceTree = "<group>"; };
		CE21EDFB2248C84200D91F89 /* SigninViewController.m */ = {isa = PBXFileReference; lastKnownFileType = sourcecode.c.objc; path = SigninViewController.m; sourceTree = "<group>"; };
		CE21EDFD2248D28500D91F89 /* Main.xib */ = {isa = PBXFileReference; lastKnownFileType = file.xib; path = Main.xib; sourceTree = "<group>"; };
		CE21EE2C2249DE5300D91F89 /* underLine.h */ = {isa = PBXFileReference; lastKnownFileType = sourcecode.c.h; path = underLine.h; sourceTree = "<group>"; };
		CE21EE2D2249DE5300D91F89 /* underLine.m */ = {isa = PBXFileReference; lastKnownFileType = sourcecode.c.objc; path = underLine.m; sourceTree = "<group>"; };
		DA2C1CABF3FB0374753F49A8 /* Pods-XYJ.debug.xcconfig */ = {isa = PBXFileReference; includeInIndex = 1; lastKnownFileType = text.xcconfig; name = "Pods-XYJ.debug.xcconfig"; path = "Target Support Files/Pods-XYJ/Pods-XYJ.debug.xcconfig"; sourceTree = "<group>"; };
/* End PBXFileReference section */

/* Begin PBXFrameworksBuildPhase section */
		CE21EDC22248BE1E00D91F89 /* Frameworks */ = {
			isa = PBXFrameworksBuildPhase;
			buildActionMask = 2147483647;
			files = (
				60CACA5567092BB94C64B8C7 /* libPods-XYJ.a in Frameworks */,
			);
			runOnlyForDeploymentPostprocessing = 0;
		};
		CE21EDDA2248BE1F00D91F89 /* Frameworks */ = {
			isa = PBXFrameworksBuildPhase;
			buildActionMask = 2147483647;
			files = (
			);
			runOnlyForDeploymentPostprocessing = 0;
		};
		CE21EDE52248BE1F00D91F89 /* Frameworks */ = {
			isa = PBXFrameworksBuildPhase;
			buildActionMask = 2147483647;
			files = (
			);
			runOnlyForDeploymentPostprocessing = 0;
		};
/* End PBXFrameworksBuildPhase section */

/* Begin PBXGroup section */
		7F7465A5B71422B2277BA372 /* Frameworks */ = {
			isa = PBXGroup;
			children = (
				565EAC0D8CD58FD229A71C34 /* libPods-XYJ.a */,
			);
			name = Frameworks;
			sourceTree = "<group>";
		};
		CE21EDBC2248BE1E00D91F89 = {
			isa = PBXGroup;
			children = (
				CE21EDC72248BE1E00D91F89 /* XYJ */,
				CE21EDE02248BE1F00D91F89 /* XYJTests */,
				CE21EDEB2248BE1F00D91F89 /* XYJUITests */,
				CE21EDC62248BE1E00D91F89 /* Products */,
				F9C9E3D80EB84A856D287510 /* Pods */,
				7F7465A5B71422B2277BA372 /* Frameworks */,
			);
			sourceTree = "<group>";
		};
		CE21EDC62248BE1E00D91F89 /* Products */ = {
			isa = PBXGroup;
			children = (
				CE21EDC52248BE1E00D91F89 /* XYJ.app */,
				CE21EDDD2248BE1F00D91F89 /* XYJTests.xctest */,
				CE21EDE82248BE1F00D91F89 /* XYJUITests.xctest */,
			);
			name = Products;
			sourceTree = "<group>";
		};
		CE21EDC72248BE1E00D91F89 /* XYJ */ = {
			isa = PBXGroup;
			children = (
				CE21EDC82248BE1E00D91F89 /* AppDelegate.h */,
				CE21EDC92248BE1E00D91F89 /* AppDelegate.m */,
				CE21EDCB2248BE1E00D91F89 /* ViewController.h */,
				CE21EE2C2249DE5300D91F89 /* underLine.h */,
				CE21EE2D2249DE5300D91F89 /* underLine.m */,
				CE21EDCC2248BE1E00D91F89 /* ViewController.m */,
				CE21EDCE2248BE1E00D91F89 /* Main.storyboard */,
				CE21EDFD2248D28500D91F89 /* Main.xib */,
				CE21EDFA2248C84200D91F89 /* SigninViewController.h */,
				CE21EDFB2248C84200D91F89 /* SigninViewController.m */,
				CE21EDD12248BE1F00D91F89 /* Assets.xcassets */,
				CE21EDD32248BE1F00D91F89 /* LaunchScreen.storyboard */,
				CE21EDD62248BE1F00D91F89 /* Info.plist */,
				CE21EDD72248BE1F00D91F89 /* main.m */,
			);
			path = XYJ;
			sourceTree = "<group>";
		};
		CE21EDE02248BE1F00D91F89 /* XYJTests */ = {
			isa = PBXGroup;
			children = (
				CE21EDE12248BE1F00D91F89 /* XYJTests.m */,
				CE21EDE32248BE1F00D91F89 /* Info.plist */,
			);
			path = XYJTests;
			sourceTree = "<group>";
		};
		CE21EDEB2248BE1F00D91F89 /* XYJUITests */ = {
			isa = PBXGroup;
			children = (
				CE21EDEC2248BE1F00D91F89 /* XYJUITests.m */,
				CE21EDEE2248BE1F00D91F89 /* Info.plist */,
			);
			path = XYJUITests;
			sourceTree = "<group>";
		};
		F9C9E3D80EB84A856D287510 /* Pods */ = {
			isa = PBXGroup;
			children = (
				DA2C1CABF3FB0374753F49A8 /* Pods-XYJ.debug.xcconfig */,
				A0E5240DE9AA2E3D1AAC96C4 /* Pods-XYJ.release.xcconfig */,
			);
			path = Pods;
			sourceTree = "<group>";
		};
/* End PBXGroup section */

/* Begin PBXNativeTarget section */
		CE21EDC42248BE1E00D91F89 /* XYJ */ = {
			isa = PBXNativeTarget;
			buildConfigurationList = CE21EDF12248BE1F00D91F89 /* Build configuration list for PBXNativeTarget "XYJ" */;
			buildPhases = (
				0C3135580BC139C04DE13DEE /* [CP] Check Pods Manifest.lock */,
				CE21EDC12248BE1E00D91F89 /* Sources */,
				CE21EDC22248BE1E00D91F89 /* Frameworks */,
				CE21EDC32248BE1E00D91F89 /* Resources */,
			);
			buildRules = (
			);
			dependencies = (
			);
			name = XYJ;
			productName = XYJ;
			productReference = CE21EDC52248BE1E00D91F89 /* XYJ.app */;
			productType = "com.apple.product-type.application";
		};
		CE21EDDC2248BE1F00D91F89 /* XYJTests */ = {
			isa = PBXNativeTarget;
			buildConfigurationList = CE21EDF42248BE1F00D91F89 /* Build configuration list for PBXNativeTarget "XYJTests" */;
			buildPhases = (
				CE21EDD92248BE1F00D91F89 /* Sources */,
				CE21EDDA2248BE1F00D91F89 /* Frameworks */,
				CE21EDDB2248BE1F00D91F89 /* Resources */,
			);
			buildRules = (
			);
			dependencies = (
				CE21EDDF2248BE1F00D91F89 /* PBXTargetDependency */,
			);
			name = XYJTests;
			productName = XYJTests;
			productReference = CE21EDDD2248BE1F00D91F89 /* XYJTests.xctest */;
			productType = "com.apple.product-type.bundle.unit-test";
		};
		CE21EDE72248BE1F00D91F89 /* XYJUITests */ = {
			isa = PBXNativeTarget;
			buildConfigurationList = CE21EDF72248BE1F00D91F89 /* Build configuration list for PBXNativeTarget "XYJUITests" */;
			buildPhases = (
				CE21EDE42248BE1F00D91F89 /* Sources */,
				CE21EDE52248BE1F00D91F89 /* Frameworks */,
				CE21EDE62248BE1F00D91F89 /* Resources */,
			);
			buildRules = (
			);
			dependencies = (
				CE21EDEA2248BE1F00D91F89 /* PBXTargetDependency */,
			);
			name = XYJUITests;
			productName = XYJUITests;
			productReference = CE21EDE82248BE1F00D91F89 /* XYJUITests.xctest */;
			productType = "com.apple.product-type.bundle.ui-testing";
		};
/* End PBXNativeTarget section */

/* Begin PBXProject section */
		CE21EDBD2248BE1E00D91F89 /* Project object */ = {
			isa = PBXProject;
			attributes = {
				LastUpgradeCheck = 1010;
				ORGANIZATIONNAME = user;
				TargetAttributes = {
					CE21EDC42248BE1E00D91F89 = {
						CreatedOnToolsVersion = 10.1;
					};
					CE21EDDC2248BE1F00D91F89 = {
						CreatedOnToolsVersion = 10.1;
						TestTargetID = CE21EDC42248BE1E00D91F89;
					};
					CE21EDE72248BE1F00D91F89 = {
						CreatedOnToolsVersion = 10.1;
						TestTargetID = CE21EDC42248BE1E00D91F89;
					};
				};
			};
			buildConfigurationList = CE21EDC02248BE1E00D91F89 /* Build configuration list for PBXProject "XYJ" */;
			compatibilityVersion = "Xcode 9.3";
			developmentRegion = en;
			hasScannedForEncodings = 0;
			knownRegions = (
				en,
				Base,
			);
			mainGroup = CE21EDBC2248BE1E00D91F89;
			productRefGroup = CE21EDC62248BE1E00D91F89 /* Products */;
			projectDirPath = "";
			projectRoot = "";
			targets = (
				CE21EDC42248BE1E00D91F89 /* XYJ */,
				CE21EDDC2248BE1F00D91F89 /* XYJTests */,
				CE21EDE72248BE1F00D91F89 /* XYJUITests */,
			);
		};
/* End PBXProject section */

/* Begin PBXResourcesBuildPhase section */
		CE21EDC32248BE1E00D91F89 /* Resources */ = {
			isa = PBXResourcesBuildPhase;
			buildActionMask = 2147483647;
			files = (
				CE21EDD52248BE1F00D91F89 /* LaunchScreen.storyboard in Resources */,
				CE21EDD22248BE1F00D91F89 /* Assets.xcassets in Resources */,
				CE21EDFE2248D28500D91F89 /* Main.xib in Resources */,
				CE21EDD02248BE1E00D91F89 /* Main.storyboard in Resources */,
			);
			runOnlyForDeploymentPostprocessing = 0;
		};
		CE21EDDB2248BE1F00D91F89 /* Resources */ = {
			isa = PBXResourcesBuildPhase;
			buildActionMask = 2147483647;
			files = (
			);
			runOnlyForDeploymentPostprocessing = 0;
		};
		CE21EDE62248BE1F00D91F89 /* Resources */ = {
			isa = PBXResourcesBuildPhase;
			buildActionMask = 2147483647;
			files = (
			);
			runOnlyForDeploymentPostprocessing = 0;
		};
/* End PBXResourcesBuildPhase section */

/* Begin PBXShellScriptBuildPhase section */
		0C3135580BC139C04DE13DEE /* [CP] Check Pods Manifest.lock */ = {
			isa = PBXShellScriptBuildPhase;
			buildActionMask = 2147483647;
			files = (
			);
			inputFileListPaths = (
			);
			inputPaths = (
				"${PODS_PODFILE_DIR_PATH}/Podfile.lock",
				"${PODS_ROOT}/Manifest.lock",
			);
			name = "[CP] Check Pods Manifest.lock";
			outputFileListPaths = (
			);
			outputPaths = (
				"$(DERIVED_FILE_DIR)/Pods-XYJ-checkManifestLockResult.txt",
			);
			runOnlyForDeploymentPostprocessing = 0;
			shellPath = /bin/sh;
			shellScript = "diff \"${PODS_PODFILE_DIR_PATH}/Podfile.lock\" \"${PODS_ROOT}/Manifest.lock\" > /dev/null\nif [ $? != 0 ] ; then\n    # print error to STDERR\n    echo \"error: The sandbox is not in sync with the Podfile.lock. Run 'pod install' or update your CocoaPods installation.\" >&2\n    exit 1\nfi\n# This output is used by Xcode 'outputs' to avoid re-running this script phase.\necho \"SUCCESS\" > \"${SCRIPT_OUTPUT_FILE_0}\"\n";
			showEnvVarsInLog = 0;
		};
/* End PBXShellScriptBuildPhase section */

/* Begin PBXSourcesBuildPhase section */
		CE21EDC12248BE1E00D91F89 /* Sources */ = {
			isa = PBXSourcesBuildPhase;
			buildActionMask = 2147483647;
			files = (
				CE21EDFC2248C84200D91F89 /* SigninViewController.m in Sources */,
				CE21EDCD2248BE1E00D91F89 /* ViewController.m in Sources */,
				CE21EDD82248BE1F00D91F89 /* main.m in Sources */,
				CE21EDCA2248BE1E00D91F89 /* AppDelegate.m in Sources */,
				CE21EE2E2249DE5300D91F89 /* underLine.m in Sources */,
			);
			runOnlyForDeploymentPostprocessing = 0;
		};
		CE21EDD92248BE1F00D91F89 /* Sources */ = {
			isa = PBXSourcesBuildPhase;
			buildActionMask = 2147483647;
			files = (
				CE21EDE22248BE1F00D91F89 /* XYJTests.m in Sources */,
			);
			runOnlyForDeploymentPostprocessing = 0;
		};
		CE21EDE42248BE1F00D91F89 /* Sources */ = {
			isa = PBXSourcesBuildPhase;
			buildActionMask = 2147483647;
			files = (
				CE21EDED2248BE1F00D91F89 /* XYJUITests.m in Sources */,
			);
			runOnlyForDeploymentPostprocessing = 0;
		};
/* End PBXSourcesBuildPhase section */

/* Begin PBXTargetDependency section */
		CE21EDDF2248BE1F00D91F89 /* PBXTargetDependency */ = {
			isa = PBXTargetDependency;
			target = CE21EDC42248BE1E00D91F89 /* XYJ */;
			targetProxy = CE21EDDE2248BE1F00D91F89 /* PBXContainerItemProxy */;
		};
		CE21EDEA2248BE1F00D91F89 /* PBXTargetDependency */ = {
			isa = PBXTargetDependency;
			target = CE21EDC42248BE1E00D91F89 /* XYJ */;
			targetProxy = CE21EDE92248BE1F00D91F89 /* PBXContainerItemProxy */;
		};
/* End PBXTargetDependency section */

/* Begin PBXVariantGroup section */
		CE21EDCE2248BE1E00D91F89 /* Main.storyboard */ = {
			isa = PBXVariantGroup;
			children = (
				CE21EDCF2248BE1E00D91F89 /* Base */,
			);
			name = Main.storyboard;
			sourceTree = "<group>";
		};
		CE21EDD32248BE1F00D91F89 /* LaunchScreen.storyboard */ = {
			isa = PBXVariantGroup;
			children = (
				CE21EDD42248BE1F00D91F89 /* Base */,
			);
			name = LaunchScreen.storyboard;
			sourceTree = "<group>";
		};
/* End PBXVariantGroup section */

/* Begin XCBuildConfiguration section */
		CE21EDEF2248BE1F00D91F89 /* Debug */ = {
			isa = XCBuildConfiguration;
			buildSettings = {
				ALWAYS_SEARCH_USER_PATHS = NO;
				CLANG_ANALYZER_NONNULL = YES;
				CLANG_ANALYZER_NUMBER_OBJECT_CONVERSION = YES_AGGRESSIVE;
				CLANG_CXX_LANGUAGE_STANDARD = "gnu++14";
				CLANG_CXX_LIBRARY = "libc++";
				CLANG_ENABLE_MODULES = YES;
				CLANG_ENABLE_OBJC_ARC = YES;
				CLANG_ENABLE_OBJC_WEAK = YES;
				CLANG_WARN_BLOCK_CAPTURE_AUTORELEASING = YES;
				CLANG_WARN_BOOL_CONVERSION = YES;
				CLANG_WARN_COMMA = YES;
				CLANG_WARN_CONSTANT_CONVERSION = YES;
				CLANG_WARN_DEPRECATED_OBJC_IMPLEMENTATIONS = YES;
				CLANG_WARN_DIRECT_OBJC_ISA_USAGE = YES_ERROR;
				CLANG_WARN_DOCUMENTATION_COMMENTS = YES;
				CLANG_WARN_EMPTY_BODY = YES;
				CLANG_WARN_ENUM_CONVERSION = YES;
				CLANG_WARN_INFINITE_RECURSION = YES;
				CLANG_WARN_INT_CONVERSION = YES;
				CLANG_WARN_NON_LITERAL_NULL_CONVERSION = YES;
				CLANG_WARN_OBJC_IMPLICIT_RETAIN_SELF = YES;
				CLANG_WARN_OBJC_LITERAL_CONVERSION = YES;
				CLANG_WARN_OBJC_ROOT_CLASS = YES_ERROR;
				CLANG_WARN_RANGE_LOOP_ANALYSIS = YES;
				CLANG_WARN_STRICT_PROTOTYPES = YES;
				CLANG_WARN_SUSPICIOUS_MOVE = YES;
				CLANG_WARN_UNGUARDED_AVAILABILITY = YES_AGGRESSIVE;
				CLANG_WARN_UNREACHABLE_CODE = YES;
				CLANG_WARN__DUPLICATE_METHOD_MATCH = YES;
				CODE_SIGN_IDENTITY = "iPhone Developer";
				COPY_PHASE_STRIP = NO;
				DEBUG_INFORMATION_FORMAT = dwarf;
				ENABLE_STRICT_OBJC_MSGSEND = YES;
				ENABLE_TESTABILITY = YES;
				GCC_C_LANGUAGE_STANDARD = gnu11;
				GCC_DYNAMIC_NO_PIC = NO;
				GCC_NO_COMMON_BLOCKS = YES;
				GCC_OPTIMIZATION_LEVEL = 0;
				GCC_PREPROCESSOR_DEFINITIONS = (
					"DEBUG=1",
					"$(inherited)",
				);
				GCC_WARN_64_TO_32_BIT_CONVERSION = YES;
				GCC_WARN_ABOUT_RETURN_TYPE = YES_ERROR;
				GCC_WARN_UNDECLARED_SELECTOR = YES;
				GCC_WARN_UNINITIALIZED_AUTOS = YES_AGGRESSIVE;
				GCC_WARN_UNUSED_FUNCTION = YES;
				GCC_WARN_UNUSED_VARIABLE = YES;
				IPHONEOS_DEPLOYMENT_TARGET = 12.1;
				MTL_ENABLE_DEBUG_INFO = INCLUDE_SOURCE;
				MTL_FAST_MATH = YES;
				ONLY_ACTIVE_ARCH = YES;
				SDKROOT = iphoneos;
			};
			name = Debug;
		};
		CE21EDF02248BE1F00D91F89 /* Release */ = {
			isa = XCBuildConfiguration;
			buildSettings = {
				ALWAYS_SEARCH_USER_PATHS = NO;
				CLANG_ANALYZER_NONNULL = YES;
				CLANG_ANALYZER_NUMBER_OBJECT_CONVERSION = YES_AGGRESSIVE;
				CLANG_CXX_LANGUAGE_STANDARD = "gnu++14";
				CLANG_CXX_LIBRARY = "libc++";
				CLANG_ENABLE_MODULES = YES;
				CLANG_ENABLE_OBJC_ARC = YES;
				CLANG_ENABLE_OBJC_WEAK = YES;
				CLANG_WARN_BLOCK_CAPTURE_AUTORELEASING = YES;
				CLANG_WARN_BOOL_CONVERSION = YES;
				CLANG_WARN_COMMA = YES;
				CLANG_WARN_CONSTANT_CONVERSION = YES;
				CLANG_WARN_DEPRECATED_OBJC_IMPLEMENTATIONS = YES;
				CLANG_WARN_DIRECT_OBJC_ISA_USAGE = YES_ERROR;
				CLANG_WARN_DOCUMENTATION_COMMENTS = YES;
				CLANG_WARN_EMPTY_BODY = YES;
				CLANG_WARN_ENUM_CONVERSION = YES;
				CLANG_WARN_INFINITE_RECURSION = YES;
				CLANG_WARN_INT_CONVERSION = YES;
				CLANG_WARN_NON_LITERAL_NULL_CONVERSION = YES;
				CLANG_WARN_OBJC_IMPLICIT_RETAIN_SELF = YES;
				CLANG_WARN_OBJC_LITERAL_CONVERSION = YES;
				CLANG_WARN_OBJC_ROOT_CLASS = YES_ERROR;
				CLANG_WARN_RANGE_LOOP_ANALYSIS = YES;
				CLANG_WARN_STRICT_PROTOTYPES = YES;
				CLANG_WARN_SUSPICIOUS_MOVE = YES;
				CLANG_WARN_UNGUARDED_AVAILABILITY = YES_AGGRESSIVE;
				CLANG_WARN_UNREACHABLE_CODE = YES;
				CLANG_WARN__DUPLICATE_METHOD_MATCH = YES;
				CODE_SIGN_IDENTITY = "iPhone Developer";
				COPY_PHASE_STRIP = NO;
				DEBUG_INFORMATION_FORMAT = "dwarf-with-dsym";
				ENABLE_NS_ASSERTIONS = NO;
				ENABLE_STRICT_OBJC_MSGSEND = YES;
				GCC_C_LANGUAGE_STANDARD = gnu11;
				GCC_NO_COMMON_BLOCKS = YES;
				GCC_WARN_64_TO_32_BIT_CONVERSION = YES;
				GCC_WARN_ABOUT_RETURN_TYPE = YES_ERROR;
				GCC_WARN_UNDECLARED_SELECTOR = YES;
				GCC_WARN_UNINITIALIZED_AUTOS = YES_AGGRESSIVE;
				GCC_WARN_UNUSED_FUNCTION = YES;
				GCC_WARN_UNUSED_VARIABLE = YES;
				IPHONEOS_DEPLOYMENT_TARGET = 12.1;
				MTL_ENABLE_DEBUG_INFO = NO;
				MTL_FAST_MATH = YES;
				SDKROOT = iphoneos;
				VALIDATE_PRODUCT = YES;
			};
			name = Release;
		};
		CE21EDF22248BE1F00D91F89 /* Debug */ = {
			isa = XCBuildConfiguration;
			baseConfigurationReference = DA2C1CABF3FB0374753F49A8 /* Pods-XYJ.debug.xcconfig */;
			buildSettings = {
				ASSETCATALOG_COMPILER_APPICON_NAME = AppIcon;
				CODE_SIGN_STYLE = Automatic;
				DEVELOPMENT_TEAM = H7D3LC635G;
				INFOPLIST_FILE = XYJ/Info.plist;
				LD_RUNPATH_SEARCH_PATHS = (
					"$(inherited)",
					"@executable_path/Frameworks",
				);
				PRODUCT_BUNDLE_IDENTIFIER = com.mai.XYJ;
				PRODUCT_NAME = "$(TARGET_NAME)";
				TARGETED_DEVICE_FAMILY = "1,2";
			};
			name = Debug;
		};
		CE21EDF32248BE1F00D91F89 /* Release */ = {
			isa = XCBuildConfiguration;
			baseConfigurationReference = A0E5240DE9AA2E3D1AAC96C4 /* Pods-XYJ.release.xcconfig */;
			buildSettings = {
				ASSETCATALOG_COMPILER_APPICON_NAME = AppIcon;
				CODE_SIGN_STYLE = Automatic;
				DEVELOPMENT_TEAM = H7D3LC635G;
				INFOPLIST_FILE = XYJ/Info.plist;
				LD_RUNPATH_SEARCH_PATHS = (
					"$(inherited)",
					"@executable_path/Frameworks",
				);
				PRODUCT_BUNDLE_IDENTIFIER = com.mai.XYJ;
				PRODUCT_NAME = "$(TARGET_NAME)";
				TARGETED_DEVICE_FAMILY = "1,2";
			};
			name = Release;
		};
		CE21EDF52248BE1F00D91F89 /* Debug */ = {
			isa = XCBuildConfiguration;
			buildSettings = {
				BUNDLE_LOADER = "$(TEST_HOST)";
				CODE_SIGN_STYLE = Automatic;
				DEVELOPMENT_TEAM = H7D3LC635G;
				INFOPLIST_FILE = XYJTests/Info.plist;
				LD_RUNPATH_SEARCH_PATHS = (
					"$(inherited)",
					"@executable_path/Frameworks",
					"@loader_path/Frameworks",
				);
				PRODUCT_BUNDLE_IDENTIFIER = com.mai.XYJTests;
				PRODUCT_NAME = "$(TARGET_NAME)";
				TARGETED_DEVICE_FAMILY = "1,2";
				TEST_HOST = "$(BUILT_PRODUCTS_DIR)/XYJ.app/XYJ";
			};
			name = Debug;
		};
		CE21EDF62248BE1F00D91F89 /* Release */ = {
			isa = XCBuildConfiguration;
			buildSettings = {
				BUNDLE_LOADER = "$(TEST_HOST)";
				CODE_SIGN_STYLE = Automatic;
				DEVELOPMENT_TEAM = H7D3LC635G;
				INFOPLIST_FILE = XYJTests/Info.plist;
				LD_RUNPATH_SEARCH_PATHS = (
					"$(inherited)",
					"@executable_path/Frameworks",
					"@loader_path/Frameworks",
				);
				PRODUCT_BUNDLE_IDENTIFIER = com.mai.XYJTests;
				PRODUCT_NAME = "$(TARGET_NAME)";
				TARGETED_DEVICE_FAMILY = "1,2";
				TEST_HOST = "$(BUILT_PRODUCTS_DIR)/XYJ.app/XYJ";
			};
			name = Release;
		};
		CE21EDF82248BE1F00D91F89 /* Debug */ = {
			isa = XCBuildConfiguration;
			buildSettings = {
				CODE_SIGN_STYLE = Automatic;
				DEVELOPMENT_TEAM = H7D3LC635G;
				INFOPLIST_FILE = XYJUITests/Info.plist;
				LD_RUNPATH_SEARCH_PATHS = (
					"$(inherited)",
					"@executable_path/Frameworks",
					"@loader_path/Frameworks",
				);
				PRODUCT_BUNDLE_IDENTIFIER = com.mai.XYJUITests;
				PRODUCT_NAME = "$(TARGET_NAME)";
				TARGETED_DEVICE_FAMILY = "1,2";
				TEST_TARGET_NAME = XYJ;
			};
			name = Debug;
		};
		CE21EDF92248BE1F00D91F89 /* Release */ = {
			isa = XCBuildConfiguration;
			buildSettings = {
				CODE_SIGN_STYLE = Automatic;
				DEVELOPMENT_TEAM = H7D3LC635G;
				INFOPLIST_FILE = XYJUITests/Info.plist;
				LD_RUNPATH_SEARCH_PATHS = (
					"$(inherited)",
					"@executable_path/Frameworks",
					"@loader_path/Frameworks",
				);
				PRODUCT_BUNDLE_IDENTIFIER = com.mai.XYJUITests;
				PRODUCT_NAME = "$(TARGET_NAME)";
				TARGETED_DEVICE_FAMILY = "1,2";
				TEST_TARGET_NAME = XYJ;
			};
			name = Release;
		};
/* End XCBuildConfiguration section */

/* Begin XCConfigurationList section */
		CE21EDC02248BE1E00D91F89 /* Build configuration list for PBXProject "XYJ" */ = {
			isa = XCConfigurationList;
			buildConfigurations = (
				CE21EDEF2248BE1F00D91F89 /* Debug */,
				CE21EDF02248BE1F00D91F89 /* Release */,
			);
			defaultConfigurationIsVisible = 0;
			defaultConfigurationName = Release;
		};
		CE21EDF12248BE1F00D91F89 /* Build configuration list for PBXNativeTarget "XYJ" */ = {
			isa = XCConfigurationList;
			buildConfigurations = (
				CE21EDF22248BE1F00D91F89 /* Debug */,
				CE21EDF32248BE1F00D91F89 /* Release */,
			);
			defaultConfigurationIsVisible = 0;
			defaultConfigurationName = Release;
		};
		CE21EDF42248BE1F00D91F89 /* Build configuration list for PBXNativeTarget "XYJTests" */ = {
			isa = XCConfigurationList;
			buildConfigurations = (
				CE21EDF52248BE1F00D91F89 /* Debug */,
				CE21EDF62248BE1F00D91F89 /* Release */,
			);
			defaultConfigurationIsVisible = 0;
			defaultConfigurationName = Release;
		};
		CE21EDF72248BE1F00D91F89 /* Build configuration list for PBXNativeTarget "XYJUITests" */ = {
			isa = XCConfigurationList;
			buildConfigurations = (
				CE21EDF82248BE1F00D91F89 /* Debug */,
				CE21EDF92248BE1F00D91F89 /* Release */,
			);
			defaultConfigurationIsVisible = 0;
			defaultConfigurationName = Release;
		};
/* End XCConfigurationList section */
	};
	rootObject = CE21EDBD2248BE1E00D91F89 /* Project object */;
}
